Microsoft Visual Studio Solution File, Format Version 12.00
# Visual Studio Version 17
VisualStudioVersion = 17.0.31903.59
MinimumVisualStudioVersion = 10.0.40219.1
Project("{FAE04EC0-301F-11D3-BF4B-00C04F79EFBC}") = "LarsCloud.App", "src\LarsCloud.App\LarsCloud.App.csproj", "{28DBDA80-D1F8-43AE-ABEB-43B27242AA4A}"
EndProject
Project("{FAE04EC0-301F-11D3-BF4B-00C04F79EFBC}") = "LarsCloud.Tests", "tests\LarsCloud.Tests\LarsCloud.Tests.csproj", "{217B560B-4C7A-43D8-97D3-7CF68D9CB739}"
EndProject
Global
	GlobalSection(SolutionConfigurationPlatforms) = preSolution
		Debug|Any CPU = Debug|Any CPU
		Release|Any CPU = Release|Any CPU
	EndGlobalSection
	GlobalSection(ProjectConfigurationPlatforms) = postSolution
		{28DBDA80-D1F8-43AE-ABEB-43B27242AA4A}.Debug|Any CPU.ActiveCfg = Debug|Any CPU
		{28DBDA80-D1F8-43AE-ABEB-43B27242AA4A}.Debug|Any CPU.Build.0 = Debug|Any CPU
		{28DBDA80-D1F8-43AE-ABEB-43B27242AA4A}.Release|Any CPU.ActiveCfg = Release|Any CPU
		{28DBDA80-D1F8-43AE-ABEB-43B27242AA4A}.Release|Any CPU.Build.0 = Release|Any CPU
		{217B560B-4C7A-43D8-97D3-7CF68D9CB739}.Debug|Any CPU.ActiveCfg = Debug|Any CPU
		{217B560B-4C7A-43D8-97D3-7CF68D9CB739}.Debug|Any CPU.Build.0 = Debug|Any CPU
		{217B560B-4C7A-43D8-97D3-7CF68D9CB739}.Release|Any CPU.ActiveCfg = Release|Any CPU
		{217B560B-4C7A-43D8-97D3-7CF68D9CB739}.Release|Any CPU.Build.0 = Release|Any CPU
	EndGlobalSection
EndGlobal
